// !$*UTF8*$!
{
	archiveVersion = 1;
	classes = {
	};
	objectVersion = 46;
	objects = {

/* Begin PBXBuildFile section */
		B3D5F58D18450548006512DD /* Foundation.framework in Frameworks */ = {isa = PBXBuildFile; fileRef = B3D5F58C18450548006512DD /* Foundation.framework */; };
		B3D5F58F18450548006512DD /* CoreGraphics.framework in Frameworks */ = {isa = PBXBuildFile; fileRef = B3D5F58E18450548006512DD /* CoreGraphics.framework */; };
		B3D5F59118450548006512DD /* UIKit.framework in Frameworks */ = {isa = PBXBuildFile; fileRef = B3D5F59018450548006512DD /* UIKit.framework */; };
		B3D5F59718450548006512DD /* InfoPlist.strings in Resources */ = {isa = PBXBuildFile; fileRef = B3D5F59518450548006512DD /* InfoPlist.strings */; };
		B3D5F59918450548006512DD /* main.m in Sources */ = {isa = PBXBuildFile; fileRef = B3D5F59818450548006512DD /* main.m */; };
		B3D5F59D18450548006512DD /* CardGameAppDelegate.m in Sources */ = {isa = PBXBuildFile; fileRef = B3D5F59C18450548006512DD /* CardGameAppDelegate.m */; };
		B3D5F5A018450548006512DD /* Main.storyboard in Resources */ = {isa = PBXBuildFile; fileRef = B3D5F59E18450548006512DD /* Main.storyboard */; };
		B3D5F5A318450548006512DD /* CardGameViewController.m in Sources */ = {isa = PBXBuildFile; fileRef = B3D5F5A218450548006512DD /* CardGameViewController.m */; };
		B3D5F5A518450548006512DD /* Images.xcassets in Resources */ = {isa = PBXBuildFile; fileRef = B3D5F5A418450548006512DD /* Images.xcassets */; };
		B3D5F5AC18450548006512DD /* XCTest.framework in Frameworks */ = {isa = PBXBuildFile; fileRef = B3D5F5AB18450548006512DD /* XCTest.framework */; };
		B3D5F5AD18450548006512DD /* Foundation.framework in Frameworks */ = {isa = PBXBuildFile; fileRef = B3D5F58C18450548006512DD /* Foundation.framework */; };
		B3D5F5AE18450548006512DD /* UIKit.framework in Frameworks */ = {isa = PBXBuildFile; fileRef = B3D5F59018450548006512DD /* UIKit.framework */; };
		B3D5F5B618450548006512DD /* InfoPlist.strings in Resources */ = {isa = PBXBuildFile; fileRef = B3D5F5B418450548006512DD /* InfoPlist.strings */; };
		B3D5F5B818450548006512DD /* MatchismoTests.m in Sources */ = {isa = PBXBuildFile; fileRef = B3D5F5B718450548006512DD /* MatchismoTests.m */; };
/* End PBXBuildFile section */

/* Begin PBXContainerItemProxy section */
		B3D5F5AF18450548006512DD /* PBXContainerItemProxy */ = {
			isa = PBXContainerItemProxy;
			containerPortal = B3D5F58118450548006512DD /* Project object */;
			proxyType = 1;
			remoteGlobalIDString = B3D5F58818450548006512DD;
			remoteInfo = Matchismo;
		};
/* End PBXContainerItemProxy section */

/* Begin PBXFileReference section */
		B3D5F58918450548006512DD /* Matchismo.app */ = {isa = PBXFileReference; explicitFileType = wrapper.application; includeInIndex = 0; path = Matchismo.app; sourceTree = BUILT_PRODUCTS_DIR; };
		B3D5F58C18450548006512DD /* Foundation.framework */ = {isa = PBXFileReference; lastKnownFileType = wrapper.framework; name = Foundation.framework; path = System/Library/Frameworks/Foundation.framework; sourceTree = SDKROOT; };
		B3D5F58E18450548006512DD /* CoreGraphics.framework */ = {isa = PBXFileReference; lastKnownFileType = wrapper.framework; name = CoreGraphics.framework; path = System/Library/Frameworks/CoreGraphics.framework; sourceTree = SDKROOT; };
		B3D5F59018450548006512DD /* UIKit.framework */ = {isa = PBXFileReference; lastKnownFileType = wrapper.framework; name = UIKit.framework; path = System/Library/Frameworks/UIKit.framework; sourceTree = SDKROOT; };
		B3D5F59418450548006512DD /* Matchismo-Info.plist */ = {isa = PBXFileReference; lastKnownFileType = text.plist.xml; path = "Matchismo-Info.plist"; sourceTree = "<group>"; };
		B3D5F59618450548006512DD /* en */ = {isa = PBXFileReference; lastKnownFileType = text.plist.strings; name = en; path = en.lproj/InfoPlist.strings; sourceTree = "<group>"; };
		B3D5F59818450548006512DD /* main.m */ = {isa = PBXFileReference; lastKnownFileType = sourcecode.c.objc; path = main.m; sourceTree = "<group>"; };
		B3D5F59A18450548006512DD /* Matchismo-Prefix.pch */ = {isa = PBXFileReference; lastKnownFileType = sourcecode.c.h; path = "Matchismo-Prefix.pch"; sourceTree = "<group>"; };
		B3D5F59B18450548006512DD /* CardGameAppDelegate.h */ = {isa = PBXFileReference; lastKnownFileType = sourcecode.c.h; path = CardGameAppDelegate.h; sourceTree = "<group>"; };
		B3D5F59C18450548006512DD /* CardGameAppDelegate.m */ = {isa = PBXFileReference; lastKnownFileType = sourcecode.c.objc; path = CardGameAppDelegate.m; sourceTree = "<group>"; };
		B3D5F59F18450548006512DD /* Base */ = {isa = PBXFileReference; lastKnownFileType = file.storyboard; name = Base; path = Base.lproj/Main.storyboard; sourceTree = "<group>"; };
		B3D5F5A118450548006512DD /* CardGameViewController.h */ = {isa = PBXFileReference; lastKnownFileType = sourcecode.c.h; path = CardGameViewController.h; sourceTree = "<group>"; };
		B3D5F5A218450548006512DD /* CardGameViewController.m */ = {isa = PBXFileReference; lastKnownFileType = sourcecode.c.objc; path = CardGameViewController.m; sourceTree = "<group>"; };
		B3D5F5A418450548006512DD /* Images.xcassets */ = {isa = PBXFileReference; lastKnownFileType = folder.assetcatalog; path = Images.xcassets; sourceTree = "<group>"; };
		B3D5F5AA18450548006512DD /* MatchismoTests.xctest */ = {isa = PBXFileReference; explicitFileType = wrapper.cfbundle; includeInIndex = 0; path = MatchismoTests.xctest; sourceTree = BUILT_PRODUCTS_DIR; };
		B3D5F5AB18450548006512DD /* XCTest.framework */ = {isa = PBXFileReference; lastKnownFileType = wrapper.framework; name = XCTest.framework; path = Library/Frameworks/XCTest.framework; sourceTree = DEVELOPER_DIR; };
		B3D5F5B318450548006512DD /* MatchismoTests-Info.plist */ = {isa = PBXFileReference; lastKnownFileType = text.plist.xml; path = "MatchismoTests-Info.plist"; sourceTree = "<group>"; };
		B3D5F5B518450548006512DD /* en */ = {isa = PBXFileReference; lastKnownFileType = text.plist.strings; name = en; path = en.lproj/InfoPlist.strings; sourceTree = "<group>"; };
		B3D5F5B718450548006512DD /* MatchismoTests.m */ = {isa = PBXFileReference; lastKnownFileType = sourcecode.c.objc; path = MatchismoTests.m; sourceTree = "<group>"; };
/* End PBXFileReference section */

/* Begin PBXFrameworksBuildPhase section */
		B3D5F58618450548006512DD /* Frameworks */ = {
			isa = PBXFrameworksBuildPhase;
			buildActionMask = 2147483647;
			files = (
				B3D5F58F18450548006512DD /* CoreGraphics.framework in Frameworks */,
				B3D5F59118450548006512DD /* UIKit.framework in Frameworks */,
				B3D5F58D18450548006512DD /* Foundation.framework in Frameworks */,
			);
			runOnlyForDeploymentPostprocessing = 0;
		};
		B3D5F5A718450548006512DD /* Frameworks */ = {
			isa = PBXFrameworksBuildPhase;
			buildActionMask = 2147483647;
			files = (
				B3D5F5AC18450548006512DD /* XCTest.framework in Frameworks */,
				B3D5F5AE18450548006512DD /* UIKit.framework in Frameworks */,
				B3D5F5AD18450548006512DD /* Foundation.framework in Frameworks */,
			);
			runOnlyForDeploymentPostprocessing = 0;
		};
/* End PBXFrameworksBuildPhase section */

/* Begin PBXGroup section */
		B3D5F58018450548006512DD = {
			isa = PBXGroup;
			children = (
				B3D5F59218450548006512DD /* Matchismo */,
				B3D5F5B118450548006512DD /* MatchismoTests */,
				B3D5F58B18450548006512DD /* Frameworks */,
				B3D5F58A18450548006512DD /* Products */,
			);
			sourceTree = "<group>";
		};
		B3D5F58A18450548006512DD /* Products */ = {
			isa = PBXGroup;
			children = (
				B3D5F58918450548006512DD /* Matchismo.app */,
				B3D5F5AA18450548006512DD /* MatchismoTests.xctest */,
			);
			name = Products;
			sourceTree = "<group>";
		};
		B3D5F58B18450548006512DD /* Frameworks */ = {
			isa = PBXGroup;
			children = (
				B3D5F58C18450548006512DD /* Foundation.framework */,
				B3D5F58E18450548006512DD /* CoreGraphics.framework */,
				B3D5F59018450548006512DD /* UIKit.framework */,
				B3D5F5AB18450548006512DD /* XCTest.framework */,
			);
			name = Frameworks;
			sourceTree = "<group>";
		};
		B3D5F59218450548006512DD /* Matchismo */ = {
			isa = PBXGroup;
			children = (
				B3D5F59B18450548006512DD /* CardGameAppDelegate.h */,
				B3D5F59C18450548006512DD /* CardGameAppDelegate.m */,
				B3D5F59E18450548006512DD /* Main.storyboard */,
				B3D5F5A118450548006512DD /* CardGameViewController.h */,
				B3D5F5A218450548006512DD /* CardGameViewController.m */,
				B3D5F5A418450548006512DD /* Images.xcassets */,
				B3D5F59318450548006512DD /* Supporting Files */,
			);
			path = Matchismo;
			sourceTree = "<group>";
		};
		B3D5F59318450548006512DD /* Supporting Files */ = {
			isa = PBXGroup;
			children = (
				B3D5F59418450548006512DD /* Matchismo-Info.plist */,
				B3D5F59518450548006512DD /* InfoPlist.strings */,
				B3D5F59818450548006512DD /* main.m */,
				B3D5F59A18450548006512DD /* Matchismo-Prefix.pch */,
			);
			name = "Supporting Files";
			sourceTree = "<group>";
		};
		B3D5F5B118450548006512DD /* MatchismoTests */ = {
			isa = PBXGroup;
			children = (
				B3D5F5B718450548006512DD /* MatchismoTests.m */,
				B3D5F5B218450548006512DD /* Supporting Files */,
			);
			path = MatchismoTests;
			sourceTree = "<group>";
		};
		B3D5F5B218450548006512DD /* Supporting Files */ = {
			isa = PBXGroup;
			children = (
				B3D5F5B318450548006512DD /* MatchismoTests-Info.plist */,
				B3D5F5B418450548006512DD /* InfoPlist.strings */,
			);
			name = "Supporting Files";
			sourceTree = "<group>";
		};
/* End PBXGroup section */

/* Begin PBXNativeTarget section */
		B3D5F58818450548006512DD /* Matchismo */ = {
			isa = PBXNativeTarget;
			buildConfigurationList = B3D5F5BB18450548006512DD /* Build configuration list for PBXNativeTarget "Matchismo" */;
			buildPhases = (
				B3D5F58518450548006512DD /* Sources */,
				B3D5F58618450548006512DD /* Frameworks */,
				B3D5F58718450548006512DD /* Resources */,
			);
			buildRules = (
			);
			dependencies = (
			);
			name = Matchismo;
			productName = Matchismo;
			productReference = B3D5F58918450548006512DD /* Matchismo.app */;
			productType = "com.apple.product-type.application";
		};
		B3D5F5A918450548006512DD /* MatchismoTests */ = {
			isa = PBXNativeTarget;
			buildConfigurationList = B3D5F5BE18450548006512DD /* Build configuration list for PBXNativeTarget "MatchismoTests" */;
			buildPhases = (
				B3D5F5A618450548006512DD /* Sources */,
				B3D5F5A718450548006512DD /* Frameworks */,
				B3D5F5A818450548006512DD /* Resources */,
			);
			buildRules = (
			);
			dependencies = (
				B3D5F5B018450548006512DD /* PBXTargetDependency */,
			);
			name = MatchismoTests;
			productName = MatchismoTests;
			productReference = B3D5F5AA18450548006512DD /* MatchismoTests.xctest */;
			productType = "com.apple.product-type.bundle.unit-test";
		};
/* End PBXNativeTarget section */

/* Begin PBXProject section */
		B3D5F58118450548006512DD /* Project object */ = {
			isa = PBXProject;
			attributes = {
				CLASSPREFIX = CardGame;
				LastUpgradeCheck = 0500;
				ORGANIZATIONNAME = "Leonid Batizhevsky";
				TargetAttributes = {
					B3D5F5A918450548006512DD = {
						TestTargetID = B3D5F58818450548006512DD;
					};
				};
			};
			buildConfigurationList = B3D5F58418450548006512DD /* Build configuration list for PBXProject "Matchismo" */;
			compatibilityVersion = "Xcode 3.2";
			developmentRegion = English;
			hasScannedForEncodings = 0;
			knownRegions = (
				en,
				Base,
			);
			mainGroup = B3D5F58018450548006512DD;
			productRefGroup = B3D5F58A18450548006512DD /* Products */;
			projectDirPath = "";
			projectRoot = "";
			targets = (
				B3D5F58818450548006512DD /* Matchismo */,
				B3D5F5A918450548006512DD /* MatchismoTests */,
			);
		};
/* End PBXProject section */

/* Begin PBXResourcesBuildPhase section */
		B3D5F58718450548006512DD /* Resources */ = {
			isa = PBXResourcesBuildPhase;
			buildActionMask = 2147483647;
			files = (
				B3D5F5A518450548006512DD /* Images.xcassets in Resources */,
				B3D5F59718450548006512DD /* InfoPlist.strings in Resources */,
				B3D5F5A018450548006512DD /* Main.storyboard in Resources */,
			);
			runOnlyForDeploymentPostprocessing = 0;
		};
		B3D5F5A818450548006512DD /* Resources */ = {
			isa = PBXResourcesBuildPhase;
			buildActionMask = 2147483647;
			files = (
				B3D5F5B618450548006512DD /* InfoPlist.strings in Resources */,
			);
			runOnlyForDeploymentPostprocessing = 0;
		};
/* End PBXResourcesBuildPhase section */

/* Begin PBXSourcesBuildPhase section */
		B3D5F58518450548006512DD /* Sources */ = {
			isa = PBXSourcesBuildPhase;
			buildActionMask = 2147483647;
			files = (
				B3D5F59D18450548006512DD /* CardGameAppDelegate.m in Sources */,
				B3D5F5A318450548006512DD /* CardGameViewController.m in Sources */,
				B3D5F59918450548006512DD /* main.m in Sources */,
			);
			runOnlyForDeploymentPostprocessing = 0;
		};
		B3D5F5A618450548006512DD /* Sources */ = {
			isa = PBXSourcesBuildPhase;
			buildActionMask = 2147483647;
			files = (
				B3D5F5B818450548006512DD /* MatchismoTests.m in Sources */,
			);
			runOnlyForDeploymentPostprocessing = 0;
		};
/* End PBXSourcesBuildPhase section */

/* Begin PBXTargetDependency section */
		B3D5F5B018450548006512DD /* PBXTargetDependency */ = {
			isa = PBXTargetDependency;
			target = B3D5F58818450548006512DD /* Matchismo */;
			targetProxy = B3D5F5AF18450548006512DD /* PBXContainerItemProxy */;
		};
/* End PBXTargetDependency section */

/* Begin PBXVariantGroup section */
		B3D5F59518450548006512DD /* InfoPlist.strings */ = {
			isa = PBXVariantGroup;
			children = (
				B3D5F59618450548006512DD /* en */,
			);
			name = InfoPlist.strings;
			sourceTree = "<group>";
		};
		B3D5F59E18450548006512DD /* Main.storyboard */ = {
			isa = PBXVariantGroup;
			children = (
				B3D5F59F18450548006512DD /* Base */,
			);
			name = Main.storyboard;
			sourceTree = "<group>";
		};
		B3D5F5B418450548006512DD /* InfoPlist.strings */ = {
			isa = PBXVariantGroup;
			children = (
				B3D5F5B518450548006512DD /* en */,
			);
			name = InfoPlist.strings;
			sourceTree = "<group>";
		};
/* End PBXVariantGroup section */

/* Begin XCBuildConfiguration section */
		B3D5F5B918450548006512DD /* Debug */ = {
			isa = XCBuildConfiguration;
			buildSettings = {
				ALWAYS_SEARCH_USER_PATHS = NO;
				ARCHS = "$(ARCHS_STANDARD_INCLUDING_64_BIT)";
				CLANG_CXX_LANGUAGE_STANDARD = "gnu++0x";
				CLANG_CXX_LIBRARY = "libc++";
				CLANG_ENABLE_MODULES = YES;
				CLANG_ENABLE_OBJC_ARC = YES;
				CLANG_WARN_BOOL_CONVERSION = YES;
				CLANG_WARN_CONSTANT_CONVERSION = YES;
				CLANG_WARN_DIRECT_OBJC_ISA_USAGE = YES_ERROR;
				CLANG_WARN_EMPTY_BODY = YES;
				CLANG_WARN_ENUM_CONVERSION = YES;
				CLANG_WARN_INT_CONVERSION = YES;
				CLANG_WARN_OBJC_ROOT_CLASS = YES_ERROR;
				CLANG_WARN__DUPLICATE_METHOD_MATCH = YES;
				"CODE_SIGN_IDENTITY[sdk=iphoneos*]" = "iPhone Developer";
				COPY_PHASE_STRIP = NO;
				GCC_C_LANGUAGE_STANDARD = gnu99;
				GCC_DYNAMIC_NO_PIC = NO;
				GCC_OPTIMIZATION_LEVEL = 0;
				GCC_PREPROCESSOR_DEFINITIONS = (
					"DEBUG=1",
					"$(inherited)",
				);
				GCC_SYMBOLS_PRIVATE_EXTERN = NO;
				GCC_WARN_64_TO_32_BIT_CONVERSION = YES;
				GCC_WARN_ABOUT_RETURN_TYPE = YES_ERROR;
				GCC_WARN_UNDECLARED_SELECTOR = YES;
				GCC_WARN_UNINITIALIZED_AUTOS = YES;
				GCC_WARN_UNUSED_FUNCTION = YES;
				GCC_WARN_UNUSED_VARIABLE = YES;
				IPHONEOS_DEPLOYMENT_TARGET = 7.0;
				ONLY_ACTIVE_ARCH = YES;
				SDKROOT = iphoneos;
			};
			name = Debug;
		};
		B3D5F5BA18450548006512DD /* Release */ = {
			isa = XCBuildConfiguration;
			buildSettings = {
				ALWAYS_SEARCH_USER_PATHS = NO;
				ARCHS = "$(ARCHS_STANDARD_INCLUDING_64_BIT)";
				CLANG_CXX_LANGUAGE_STANDARD = "gnu++0x";
				CLANG_CXX_LIBRARY = "libc++";
				CLANG_ENABLE_MODULES = YES;
				CLANG_ENABLE_OBJC_ARC = YES;
				CLANG_WARN_BOOL_CONVERSION = YES;
				CLANG_WARN_CONSTANT_CONVERSION = YES;
				CLANG_WARN_DIRECT_OBJC_ISA_USAGE = YES_ERROR;
				CLANG_WARN_EMPTY_BODY = YES;
				CLANG_WARN_ENUM_CONVERSION = YES;
				CLANG_WARN_INT_CONVERSION = YES;
				CLANG_WARN_OBJC_ROOT_CLASS = YES_ERROR;
				CLANG_WARN__DUPLICATE_METHOD_MATCH = YES;
				"CODE_SIGN_IDENTITY[sdk=iphoneos*]" = "iPhone Developer";
				COPY_PHASE_STRIP = YES;
				ENABLE_NS_ASSERTIONS = NO;
				GCC_C_LANGUAGE_STANDARD = gnu99;
				GCC_WARN_64_TO_32_BIT_CONVERSION = YES;
				GCC_WARN_ABOUT_RETURN_TYPE = YES_ERROR;
				GCC_WARN_UNDECLARED_SELECTOR = YES;
				GCC_WARN_UNINITIALIZED_AUTOS = YES;
				GCC_WARN_UNUSED_FUNCTION = YES;
				GCC_WARN_UNUSED_VARIABLE = YES;
				IPHONEOS_DEPLOYMENT_TARGET = 7.0;
				SDKROOT = iphoneos;
				VALIDATE_PRODUCT = YES;
			};
			name = Release;
		};
		B3D5F5BC18450548006512DD /* Debug */ = {
			isa = XCBuildConfiguration;
			buildSettings = {
				ASSETCATALOG_COMPILER_APPICON_NAME = AppIcon;
				ASSETCATALOG_COMPILER_LAUNCHIMAGE_NAME = LaunchImage;
				GCC_PRECOMPILE_PREFIX_HEADER = YES;
				GCC_PREFIX_HEADER = "Matchismo/Matchismo-Prefix.pch";
				INFOPLIST_FILE = "Matchismo/Matchismo-Info.plist";
				PRODUCT_NAME = "$(TARGET_NAME)";
				WRAPPER_EXTENSION = app;
			};
			name = Debug;
		};
		B3D5F5BD18450548006512DD /* Release */ = {
			isa = XCBuildConfiguration;
			buildSettings = {
				ASSETCATALOG_COMPILER_APPICON_NAME = AppIcon;
				ASSETCATALOG_COMPILER_LAUNCHIMAGE_NAME = LaunchImage;
				GCC_PRECOMPILE_PREFIX_HEADER = YES;
				GCC_PREFIX_HEADER = "Matchismo/Matchismo-Prefix.pch";
				INFOPLIST_FILE = "Matchismo/Matchismo-Info.plist";
				PRODUCT_NAME = "$(TARGET_NAME)";
				WRAPPER_EXTENSION = app;
			};
			name = Release;
		};
		B3D5F5BF18450548006512DD /* Debug */ = {
			isa = XCBuildConfiguration;
			buildSettings = {
				ARCHS = "$(ARCHS_STANDARD_INCLUDING_64_BIT)";
				BUNDLE_LOADER = "$(BUILT_PRODUCTS_DIR)/Matchismo.app/Matchismo";
				FRAMEWORK_SEARCH_PATHS = (
					"$(SDKROOT)/Developer/Library/Frameworks",
					"$(inherited)",
					"$(DEVELOPER_FRAMEWORKS_DIR)",
				);
				GCC_PRECOMPILE_PREFIX_HEADER = YES;
				GCC_PREFIX_HEADER = "Matchismo/Matchismo-Prefix.pch";
				GCC_PREPROCESSOR_DEFINITIONS = (
					"DEBUG=1",
					"$(inherited)",
				);
				INFOPLIST_FILE = "MatchismoTests/MatchismoTests-Info.plist";
				PRODUCT_NAME = "$(TARGET_NAME)";
				TEST_HOST = "$(BUNDLE_LOADER)";
				WRAPPER_EXTENSION = xctest;
			};
			name = Debug;
		};
		B3D5F5C018450548006512DD /* Release */ = {
			isa = XCBuildConfiguration;
			buildSettings = {
				ARCHS = "$(ARCHS_STANDARD_INCLUDING_64_BIT)";
				BUNDLE_LOADER = "$(BUILT_PRODUCTS_DIR)/Matchismo.app/Matchismo";
				FRAMEWORK_SEARCH_PATHS = (
					"$(SDKROOT)/Developer/Library/Frameworks",
					"$(inherited)",
					"$(DEVELOPER_FRAMEWORKS_DIR)",
				);
				GCC_PRECOMPILE_PREFIX_HEADER = YES;
				GCC_PREFIX_HEADER = "Matchismo/Matchismo-Prefix.pch";
				INFOPLIST_FILE = "MatchismoTests/MatchismoTests-Info.plist";
				PRODUCT_NAME = "$(TARGET_NAME)";
				TEST_HOST = "$(BUNDLE_LOADER)";
				WRAPPER_EXTENSION = xctest;
			};
			name = Release;
		};
/* End XCBuildConfiguration section */

/* Begin XCConfigurationList section */
		B3D5F58418450548006512DD /* Build configuration list for PBXProject "Matchismo" */ = {
			isa = XCConfigurationList;
			buildConfigurations = (
				B3D5F5B918450548006512DD /* Debug */,
				B3D5F5BA18450548006512DD /* Release */,
			);
			defaultConfigurationIsVisible = 0;
			defaultConfigurationName = Release;
		};
		B3D5F5BB18450548006512DD /* Build configuration list for PBXNativeTarget "Matchismo" */ = {
			isa = XCConfigurationList;
			buildConfigurations = (
				B3D5F5BC18450548006512DD /* Debug */,
				B3D5F5BD18450548006512DD /* Release */,
			);
			defaultConfigurationIsVisible = 0;
		};
		B3D5F5BE18450548006512DD /* Build configuration list for PBXNativeTarget "MatchismoTests" */ = {
			isa = XCConfigurationList;
			buildConfigurations = (
				B3D5F5BF18450548006512DD /* Debug */,
				B3D5F5C018450548006512DD /* Release */,
			);
			defaultConfigurationIsVisible = 0;
		};
/* End XCConfigurationList section */
	};
	rootObject = B3D5F58118450548006512DD /* Project object */;
}
